
Microsoft Visual Studio Solution File, Format Version 12.00
# Visual Studio Version 16
VisualStudioVersion = 16.0.32510.428
MinimumVisualStudioVersion = 10.0.40219.1
Project("{FAE04EC0-301F-11D3-BF4B-00C04F79EFBC}") = "CapaDatos", "CapaDatos\CapaDatos.csproj", "{CFDF3552-7D3E-4D10-8465-995B5AF6AD18}"
EndProject
Global
	GlobalSection(SolutionConfigurationPlatforms) = preSolution
		Debug|Any CPU = Debug|Any CPU
		Release|Any CPU = Release|Any CPU
	EndGlobalSection
	GlobalSection(ProjectConfigurationPlatforms) = postSolution
		{CFDF3552-7D3E-4D10-8465-995B5AF6AD18}.Debug|Any CPU.ActiveCfg = Debug|Any CPU
		{CFDF3552-7D3E-4D10-8465-995B5AF6AD18}.Debug|Any CPU.Build.0 = Debug|Any CPU
		{CFDF3552-7D3E-4D10-8465-995B5AF6AD18}.Release|Any CPU.ActiveCfg = Release|Any CPU
		{CFDF3552-7D3E-4D10-8465-995B5AF6AD18}.Release|Any CPU.Build.0 = Release|Any CPU
	EndGlobalSection
	GlobalSection(SolutionProperties) = preSolution
		HideSolutionNode = FALSE
	EndGlobalSection
	GlobalSection(ExtensibilityGlobals) = postSolution
		SolutionGuid = {FE867A78-EDA3-4307-BC10-0A3102D18C9F}
	EndGlobalSection
EndGlobal
